// !$*UTF8*$!
{
	archiveVersion = 1;
	classes = {
	};
	objectVersion = 50;
	objects = {

/* Begin PBXBuildFile section */
		5A3E7F499BDD13F6B70F2528 /* libPods-WaveProject.a in Frameworks */ = {isa = PBXBuildFile; fileRef = 132E50D6EE64BE820E7F7423 /* libPods-WaveProject.a */; };
		93DC91562658BE3C007688B5 /* AppDelegate.swift in Sources */ = {isa = PBXBuildFile; fileRef = 93DC91552658BE3C007688B5 /* AppDelegate.swift */; };
		93DC91582658BE3C007688B5 /* ViewController.swift in Sources */ = {isa = PBXBuildFile; fileRef = 93DC91572658BE3C007688B5 /* ViewController.swift */; };
		93DC915B2658BE3C007688B5 /* Main.storyboard in Resources */ = {isa = PBXBuildFile; fileRef = 93DC91592658BE3C007688B5 /* Main.storyboard */; };
		93DC915D2658BE3E007688B5 /* Assets.xcassets in Resources */ = {isa = PBXBuildFile; fileRef = 93DC915C2658BE3E007688B5 /* Assets.xcassets */; };
		93DC91602658BE3E007688B5 /* LaunchScreen.storyboard in Resources */ = {isa = PBXBuildFile; fileRef = 93DC915E2658BE3E007688B5 /* LaunchScreen.storyboard */; };
		93DC916B2658BE3F007688B5 /* WaveProjectTests.swift in Sources */ = {isa = PBXBuildFile; fileRef = 93DC916A2658BE3F007688B5 /* WaveProjectTests.swift */; };
		93DC91762658BE3F007688B5 /* WaveProjectUITests.swift in Sources */ = {isa = PBXBuildFile; fileRef = 93DC91752658BE3F007688B5 /* WaveProjectUITests.swift */; };
/* End PBXBuildFile section */

/* Begin PBXContainerItemProxy section */
		93DC91672658BE3F007688B5 /* PBXContainerItemProxy */ = {
			isa = PBXContainerItemProxy;
			containerPortal = 93DC914A2658BE3C007688B5 /* Project object */;
			proxyType = 1;
			remoteGlobalIDString = 93DC91512658BE3C007688B5;
			remoteInfo = WaveProject;
		};
		93DC91722658BE3F007688B5 /* PBXContainerItemProxy */ = {
			isa = PBXContainerItemProxy;
			containerPortal = 93DC914A2658BE3C007688B5 /* Project object */;
			proxyType = 1;
			remoteGlobalIDString = 93DC91512658BE3C007688B5;
			remoteInfo = WaveProject;
		};
/* End PBXContainerItemProxy section */

/* Begin PBXFileReference section */
		132E50D6EE64BE820E7F7423 /* libPods-WaveProject.a */ = {isa = PBXFileReference; explicitFileType = archive.ar; includeInIndex = 0; path = "libPods-WaveProject.a"; sourceTree = BUILT_PRODUCTS_DIR; };
		6487D38B2D5BDE1FD55C1305 /* Pods-WaveProject.release.xcconfig */ = {isa = PBXFileReference; includeInIndex = 1; lastKnownFileType = text.xcconfig; name = "Pods-WaveProject.release.xcconfig"; path = "Target Support Files/Pods-WaveProject/Pods-WaveProject.release.xcconfig"; sourceTree = "<group>"; };
		93DC91522658BE3C007688B5 /* WaveProject.app */ = {isa = PBXFileReference; explicitFileType = wrapper.application; includeInIndex = 0; path = WaveProject.app; sourceTree = BUILT_PRODUCTS_DIR; };
		93DC91552658BE3C007688B5 /* AppDelegate.swift */ = {isa = PBXFileReference; lastKnownFileType = sourcecode.swift; path = AppDelegate.swift; sourceTree = "<group>"; };
		93DC91572658BE3C007688B5 /* ViewController.swift */ = {isa = PBXFileReference; lastKnownFileType = sourcecode.swift; path = ViewController.swift; sourceTree = "<group>"; };
		93DC915A2658BE3C007688B5 /* Base */ = {isa = PBXFileReference; lastKnownFileType = file.storyboard; name = Base; path = Base.lproj/Main.storyboard; sourceTree = "<group>"; };
		93DC915C2658BE3E007688B5 /* Assets.xcassets */ = {isa = PBXFileReference; lastKnownFileType = folder.assetcatalog; path = Assets.xcassets; sourceTree = "<group>"; };
		93DC915F2658BE3E007688B5 /* Base */ = {isa = PBXFileReference; lastKnownFileType = file.storyboard; name = Base; path = Base.lproj/LaunchScreen.storyboard; sourceTree = "<group>"; };
		93DC91612658BE3E007688B5 /* Info.plist */ = {isa = PBXFileReference; lastKnownFileType = text.plist.xml; path = Info.plist; sourceTree = "<group>"; };
		93DC91662658BE3F007688B5 /* WaveProjectTests.xctest */ = {isa = PBXFileReference; explicitFileType = wrapper.cfbundle; includeInIndex = 0; path = WaveProjectTests.xctest; sourceTree = BUILT_PRODUCTS_DIR; };
		93DC916A2658BE3F007688B5 /* WaveProjectTests.swift */ = {isa = PBXFileReference; lastKnownFileType = sourcecode.swift; path = WaveProjectTests.swift; sourceTree = "<group>"; };
		93DC916C2658BE3F007688B5 /* Info.plist */ = {isa = PBXFileReference; lastKnownFileType = text.plist.xml; path = Info.plist; sourceTree = "<group>"; };
		93DC91712658BE3F007688B5 /* WaveProjectUITests.xctest */ = {isa = PBXFileReference; explicitFileType = wrapper.cfbundle; includeInIndex = 0; path = WaveProjectUITests.xctest; sourceTree = BUILT_PRODUCTS_DIR; };
		93DC91752658BE3F007688B5 /* WaveProjectUITests.swift */ = {isa = PBXFileReference; lastKnownFileType = sourcecode.swift; path = WaveProjectUITests.swift; sourceTree = "<group>"; };
		93DC91772658BE3F007688B5 /* Info.plist */ = {isa = PBXFileReference; lastKnownFileType = text.plist.xml; path = Info.plist; sourceTree = "<group>"; };
		B66E61BC7929F76082639FC7 /* Pods-WaveProject.debug.xcconfig */ = {isa = PBXFileReference; includeInIndex = 1; lastKnownFileType = text.xcconfig; name = "Pods-WaveProject.debug.xcconfig"; path = "Target Support Files/Pods-WaveProject/Pods-WaveProject.debug.xcconfig"; sourceTree = "<group>"; };
/* End PBXFileReference section */

/* Begin PBXFrameworksBuildPhase section */
		93DC914F2658BE3C007688B5 /* Frameworks */ = {
			isa = PBXFrameworksBuildPhase;
			buildActionMask = 2147483647;
			files = (
				5A3E7F499BDD13F6B70F2528 /* libPods-WaveProject.a in Frameworks */,
			);
			runOnlyForDeploymentPostprocessing = 0;
		};
		93DC91632658BE3F007688B5 /* Frameworks */ = {
			isa = PBXFrameworksBuildPhase;
			buildActionMask = 2147483647;
			files = (
			);
			runOnlyForDeploymentPostprocessing = 0;
		};
		93DC916E2658BE3F007688B5 /* Frameworks */ = {
			isa = PBXFrameworksBuildPhase;
			buildActionMask = 2147483647;
			files = (
			);
			runOnlyForDeploymentPostprocessing = 0;
		};
/* End PBXFrameworksBuildPhase section */

/* Begin PBXGroup section */
		0C2F511C613425C7D28F1D09 /* Frameworks */ = {
			isa = PBXGroup;
			children = (
				132E50D6EE64BE820E7F7423 /* libPods-WaveProject.a */,
			);
			name = Frameworks;
			sourceTree = "<group>";
		};
		93DC91492658BE3C007688B5 = {
			isa = PBXGroup;
			children = (
				93DC91542658BE3C007688B5 /* WaveProject */,
				93DC91692658BE3F007688B5 /* WaveProjectTests */,
				93DC91742658BE3F007688B5 /* WaveProjectUITests */,
				93DC91532658BE3C007688B5 /* Products */,
				C6795529F33B924471A5830B /* Pods */,
				0C2F511C613425C7D28F1D09 /* Frameworks */,
			);
			sourceTree = "<group>";
		};
		93DC91532658BE3C007688B5 /* Products */ = {
			isa = PBXGroup;
			children = (
				93DC91522658BE3C007688B5 /* WaveProject.app */,
				93DC91662658BE3F007688B5 /* WaveProjectTests.xctest */,
				93DC91712658BE3F007688B5 /* WaveProjectUITests.xctest */,
			);
			name = Products;
			sourceTree = "<group>";
		};
		93DC91542658BE3C007688B5 /* WaveProject */ = {
			isa = PBXGroup;
			children = (
				93DC91552658BE3C007688B5 /* AppDelegate.swift */,
				93DC91572658BE3C007688B5 /* ViewController.swift */,
				93DC91592658BE3C007688B5 /* Main.storyboard */,
				93DC915C2658BE3E007688B5 /* Assets.xcassets */,
				93DC915E2658BE3E007688B5 /* LaunchScreen.storyboard */,
				93DC91612658BE3E007688B5 /* Info.plist */,
			);
			path = WaveProject;
			sourceTree = "<group>";
		};
		93DC91692658BE3F007688B5 /* WaveProjectTests */ = {
			isa = PBXGroup;
			children = (
				93DC916A2658BE3F007688B5 /* WaveProjectTests.swift */,
				93DC916C2658BE3F007688B5 /* Info.plist */,
			);
			path = WaveProjectTests;
			sourceTree = "<group>";
		};
		93DC91742658BE3F007688B5 /* WaveProjectUITests */ = {
			isa = PBXGroup;
			children = (
				93DC91752658BE3F007688B5 /* WaveProjectUITests.swift */,
				93DC91772658BE3F007688B5 /* Info.plist */,
			);
			path = WaveProjectUITests;
			sourceTree = "<group>";
		};
		C6795529F33B924471A5830B /* Pods */ = {
			isa = PBXGroup;
			children = (
				B66E61BC7929F76082639FC7 /* Pods-WaveProject.debug.xcconfig */,
				6487D38B2D5BDE1FD55C1305 /* Pods-WaveProject.release.xcconfig */,
			);
			name = Pods;
			path = Pods;
			sourceTree = "<group>";
		};
/* End PBXGroup section */

/* Begin PBXNativeTarget section */
		93DC91512658BE3C007688B5 /* WaveProject */ = {
			isa = PBXNativeTarget;
			buildConfigurationList = 93DC917A2658BE3F007688B5 /* Build configuration list for PBXNativeTarget "WaveProject" */;
			buildPhases = (
				84EDCD4A4EB666FA7550A986 /* [CP] Check Pods Manifest.lock */,
				93DC914E2658BE3C007688B5 /* Sources */,
				93DC914F2658BE3C007688B5 /* Frameworks */,
				93DC91502658BE3C007688B5 /* Resources */,
			);
			buildRules = (
			);
			dependencies = (
			);
			name = WaveProject;
			productName = WaveProject;
			productReference = 93DC91522658BE3C007688B5 /* WaveProject.app */;
			productType = "com.apple.product-type.application";
		};
		93DC91652658BE3F007688B5 /* WaveProjectTests */ = {
			isa = PBXNativeTarget;
			buildConfigurationList = 93DC917D2658BE3F007688B5 /* Build configuration list for PBXNativeTarget "WaveProjectTests" */;
			buildPhases = (
				93DC91622658BE3F007688B5 /* Sources */,
				93DC91632658BE3F007688B5 /* Frameworks */,
				93DC91642658BE3F007688B5 /* Resources */,
			);
			buildRules = (
			);
			dependencies = (
				93DC91682658BE3F007688B5 /* PBXTargetDependency */,
			);
			name = WaveProjectTests;
			productName = WaveProjectTests;
			productReference = 93DC91662658BE3F007688B5 /* WaveProjectTests.xctest */;
			productType = "com.apple.product-type.bundle.unit-test";
		};
		93DC91702658BE3F007688B5 /* WaveProjectUITests */ = {
			isa = PBXNativeTarget;
			buildConfigurationList = 93DC91802658BE3F007688B5 /* Build configuration list for PBXNativeTarget "WaveProjectUITests" */;
			buildPhases = (
				93DC916D2658BE3F007688B5 /* Sources */,
				93DC916E2658BE3F007688B5 /* Frameworks */,
				93DC916F2658BE3F007688B5 /* Resources */,
			);
			buildRules = (
			);
			dependencies = (
				93DC91732658BE3F007688B5 /* PBXTargetDependency */,
			);
			name = WaveProjectUITests;
			productName = WaveProjectUITests;
			productReference = 93DC91712658BE3F007688B5 /* WaveProjectUITests.xctest */;
			productType = "com.apple.product-type.bundle.ui-testing";
		};
/* End PBXNativeTarget section */

/* Begin PBXProject section */
		93DC914A2658BE3C007688B5 /* Project object */ = {
			isa = PBXProject;
			attributes = {
				LastSwiftUpdateCheck = 1030;
				LastUpgradeCheck = 1030;
				ORGANIZATIONNAME = "施崇邑";
				TargetAttributes = {
					93DC91512658BE3C007688B5 = {
						CreatedOnToolsVersion = 10.3;
					};
					93DC91652658BE3F007688B5 = {
						CreatedOnToolsVersion = 10.3;
						TestTargetID = 93DC91512658BE3C007688B5;
					};
					93DC91702658BE3F007688B5 = {
						CreatedOnToolsVersion = 10.3;
						TestTargetID = 93DC91512658BE3C007688B5;
					};
				};
			};
			buildConfigurationList = 93DC914D2658BE3C007688B5 /* Build configuration list for PBXProject "WaveProject" */;
			compatibilityVersion = "Xcode 9.3";
			developmentRegion = en;
			hasScannedForEncodings = 0;
			knownRegions = (
				en,
				Base,
			);
			mainGroup = 93DC91492658BE3C007688B5;
			productRefGroup = 93DC91532658BE3C007688B5 /* Products */;
			projectDirPath = "";
			projectRoot = "";
			targets = (
				93DC91512658BE3C007688B5 /* WaveProject */,
				93DC91652658BE3F007688B5 /* WaveProjectTests */,
				93DC91702658BE3F007688B5 /* WaveProjectUITests */,
			);
		};
/* End PBXProject section */

/* Begin PBXResourcesBuildPhase section */
		93DC91502658BE3C007688B5 /* Resources */ = {
			isa = PBXResourcesBuildPhase;
			buildActionMask = 2147483647;
			files = (
				93DC91602658BE3E007688B5 /* LaunchScreen.storyboard in Resources */,
				93DC915D2658BE3E007688B5 /* Assets.xcassets in Resources */,
				93DC915B2658BE3C007688B5 /* Main.storyboard in Resources */,
			);
			runOnlyForDeploymentPostprocessing = 0;
		};
		93DC91642658BE3F007688B5 /* Resources */ = {
			isa = PBXResourcesBuildPhase;
			buildActionMask = 2147483647;
			files = (
			);
			runOnlyForDeploymentPostprocessing = 0;
		};
		93DC916F2658BE3F007688B5 /* Resources */ = {
			isa = PBXResourcesBuildPhase;
			buildActionMask = 2147483647;
			files = (
			);
			runOnlyForDeploymentPostprocessing = 0;
		};
/* End PBXResourcesBuildPhase section */

/* Begin PBXShellScriptBuildPhase section */
		84EDCD4A4EB666FA7550A986 /* [CP] Check Pods Manifest.lock */ = {
			isa = PBXShellScriptBuildPhase;
			buildActionMask = 2147483647;
			files = (
			);
			inputFileListPaths = (
			);
			inputPaths = (
				"${PODS_PODFILE_DIR_PATH}/Podfile.lock",
				"${PODS_ROOT}/Manifest.lock",
			);
			name = "[CP] Check Pods Manifest.lock";
			outputFileListPaths = (
			);
			outputPaths = (
				"$(DERIVED_FILE_DIR)/Pods-WaveProject-checkManifestLockResult.txt",
			);
			runOnlyForDeploymentPostprocessing = 0;
			shellPath = /bin/sh;
			shellScript = "diff \"${PODS_PODFILE_DIR_PATH}/Podfile.lock\" \"${PODS_ROOT}/Manifest.lock\" > /dev/null\nif [ $? != 0 ] ; then\n    # print error to STDERR\n    echo \"error: The sandbox is not in sync with the Podfile.lock. Run 'pod install' or update your CocoaPods installation.\" >&2\n    exit 1\nfi\n# This output is used by Xcode 'outputs' to avoid re-running this script phase.\necho \"SUCCESS\" > \"${SCRIPT_OUTPUT_FILE_0}\"\n";
			showEnvVarsInLog = 0;
		};
/* End PBXShellScriptBuildPhase section */

/* Begin PBXSourcesBuildPhase section */
		93DC914E2658BE3C007688B5 /* Sources */ = {
			isa = PBXSourcesBuildPhase;
			buildActionMask = 2147483647;
			files = (
				93DC91582658BE3C007688B5 /* ViewController.swift in Sources */,
				93DC91562658BE3C007688B5 /* AppDelegate.swift in Sources */,
			);
			runOnlyForDeploymentPostprocessing = 0;
		};
		93DC91622658BE3F007688B5 /* Sources */ = {
			isa = PBXSourcesBuildPhase;
			buildActionMask = 2147483647;
			files = (
				93DC916B2658BE3F007688B5 /* WaveProjectTests.swift in Sources */,
			);
			runOnlyForDeploymentPostprocessing = 0;
		};
		93DC916D2658BE3F007688B5 /* Sources */ = {
			isa = PBXSourcesBuildPhase;
			buildActionMask = 2147483647;
			files = (
				93DC91762658BE3F007688B5 /* WaveProjectUITests.swift in Sources */,
			);
			runOnlyForDeploymentPostprocessing = 0;
		};
/* End PBXSourcesBuildPhase section */

/* Begin PBXTargetDependency section */
		93DC91682658BE3F007688B5 /* PBXTargetDependency */ = {
			isa = PBXTargetDependency;
			target = 93DC91512658BE3C007688B5 /* WaveProject */;
			targetProxy = 93DC91672658BE3F007688B5 /* PBXContainerItemProxy */;
		};
		93DC91732658BE3F007688B5 /* PBXTargetDependency */ = {
			isa = PBXTargetDependency;
			target = 93DC91512658BE3C007688B5 /* WaveProject */;
			targetProxy = 93DC91722658BE3F007688B5 /* PBXContainerItemProxy */;
		};
/* End PBXTargetDependency section */

/* Begin PBXVariantGroup section */
		93DC91592658BE3C007688B5 /* Main.storyboard */ = {
			isa = PBXVariantGroup;
			children = (
				93DC915A2658BE3C007688B5 /* Base */,
			);
			name = Main.storyboard;
			sourceTree = "<group>";
		};
		93DC915E2658BE3E007688B5 /* LaunchScreen.storyboard */ = {
			isa = PBXVariantGroup;
			children = (
				93DC915F2658BE3E007688B5 /* Base */,
			);
			name = LaunchScreen.storyboard;
			sourceTree = "<group>";
		};
/* End PBXVariantGroup section */

/* Begin XCBuildConfiguration section */
		93DC91782658BE3F007688B5 /* Debug */ = {
			isa = XCBuildConfiguration;
			buildSettings = {
				ALWAYS_SEARCH_USER_PATHS = NO;
				CLANG_ANALYZER_NONNULL = YES;
				CLANG_ANALYZER_NUMBER_OBJECT_CONVERSION = YES_AGGRESSIVE;
				CLANG_CXX_LANGUAGE_STANDARD = "gnu++14";
				CLANG_CXX_LIBRARY = "libc++";
				CLANG_ENABLE_MODULES = YES;
				CLANG_ENABLE_OBJC_ARC = YES;
				CLANG_ENABLE_OBJC_WEAK = YES;
				CLANG_WARN_BLOCK_CAPTURE_AUTORELEASING = YES;
				CLANG_WARN_BOOL_CONVERSION = YES;
				CLANG_WARN_COMMA = YES;
				CLANG_WARN_CONSTANT_CONVERSION = YES;
				CLANG_WARN_DEPRECATED_OBJC_IMPLEMENTATIONS = YES;
				CLANG_WARN_DIRECT_OBJC_ISA_USAGE = YES_ERROR;
				CLANG_WARN_DOCUMENTATION_COMMENTS = YES;
				CLANG_WARN_EMPTY_BODY = YES;
				CLANG_WARN_ENUM_CONVERSION = YES;
				CLANG_WARN_INFINITE_RECURSION = YES;
				CLANG_WARN_INT_CONVERSION = YES;
				CLANG_WARN_NON_LITERAL_NULL_CONVERSION = YES;
				CLANG_WARN_OBJC_IMPLICIT_RETAIN_SELF = YES;
				CLANG_WARN_OBJC_LITERAL_CONVERSION = YES;
				CLANG_WARN_OBJC_ROOT_CLASS = YES_ERROR;
				CLANG_WARN_RANGE_LOOP_ANALYSIS = YES;
				CLANG_WARN_STRICT_PROTOTYPES = YES;
				CLANG_WARN_SUSPICIOUS_MOVE = YES;
				CLANG_WARN_UNGUARDED_AVAILABILITY = YES_AGGRESSIVE;
				CLANG_WARN_UNREACHABLE_CODE = YES;
				CLANG_WARN__DUPLICATE_METHOD_MATCH = YES;
				CODE_SIGN_IDENTITY = "iPhone Developer";
				COPY_PHASE_STRIP = NO;
				DEBUG_INFORMATION_FORMAT = dwarf;
				ENABLE_STRICT_OBJC_MSGSEND = YES;
				ENABLE_TESTABILITY = YES;
				GCC_C_LANGUAGE_STANDARD = gnu11;
				GCC_DYNAMIC_NO_PIC = NO;
				GCC_NO_COMMON_BLOCKS = YES;
				GCC_OPTIMIZATION_LEVEL = 0;
				GCC_PREPROCESSOR_DEFINITIONS = (
					"DEBUG=1",
					"$(inherited)",
				);
				GCC_WARN_64_TO_32_BIT_CONVERSION = YES;
				GCC_WARN_ABOUT_RETURN_TYPE = YES_ERROR;
				GCC_WARN_UNDECLARED_SELECTOR = YES;
				GCC_WARN_UNINITIALIZED_AUTOS = YES_AGGRESSIVE;
				GCC_WARN_UNUSED_FUNCTION = YES;
				GCC_WARN_UNUSED_VARIABLE = YES;
				IPHONEOS_DEPLOYMENT_TARGET = 12.4;
				MTL_ENABLE_DEBUG_INFO = INCLUDE_SOURCE;
				MTL_FAST_MATH = YES;
				ONLY_ACTIVE_ARCH = YES;
				SDKROOT = iphoneos;
				SWIFT_ACTIVE_COMPILATION_CONDITIONS = DEBUG;
				SWIFT_OPTIMIZATION_LEVEL = "-Onone";
			};
			name = Debug;
		};
		93DC91792658BE3F007688B5 /* Release */ = {
			isa = XCBuildConfiguration;
			buildSettings = {
				ALWAYS_SEARCH_USER_PATHS = NO;
				CLANG_ANALYZER_NONNULL = YES;
				CLANG_ANALYZER_NUMBER_OBJECT_CONVERSION = YES_AGGRESSIVE;
				CLANG_CXX_LANGUAGE_STANDARD = "gnu++14";
				CLANG_CXX_LIBRARY = "libc++";
				CLANG_ENABLE_MODULES = YES;
				CLANG_ENABLE_OBJC_ARC = YES;
				CLANG_ENABLE_OBJC_WEAK = YES;
				CLANG_WARN_BLOCK_CAPTURE_AUTORELEASING = YES;
				CLANG_WARN_BOOL_CONVERSION = YES;
				CLANG_WARN_COMMA = YES;
				CLANG_WARN_CONSTANT_CONVERSION = YES;
				CLANG_WARN_DEPRECATED_OBJC_IMPLEMENTATIONS = YES;
				CLANG_WARN_DIRECT_OBJC_ISA_USAGE = YES_ERROR;
				CLANG_WARN_DOCUMENTATION_COMMENTS = YES;
				CLANG_WARN_EMPTY_BODY = YES;
				CLANG_WARN_ENUM_CONVERSION = YES;
				CLANG_WARN_INFINITE_RECURSION = YES;
				CLANG_WARN_INT_CONVERSION = YES;
				CLANG_WARN_NON_LITERAL_NULL_CONVERSION = YES;
				CLANG_WARN_OBJC_IMPLICIT_RETAIN_SELF = YES;
				CLANG_WARN_OBJC_LITERAL_CONVERSION = YES;
				CLANG_WARN_OBJC_ROOT_CLASS = YES_ERROR;
				CLANG_WARN_RANGE_LOOP_ANALYSIS = YES;
				CLANG_WARN_STRICT_PROTOTYPES = YES;
				CLANG_WARN_SUSPICIOUS_MOVE = YES;
				CLANG_WARN_UNGUARDED_AVAILABILITY = YES_AGGRESSIVE;
				CLANG_WARN_UNREACHABLE_CODE = YES;
				CLANG_WARN__DUPLICATE_METHOD_MATCH = YES;
				CODE_SIGN_IDENTITY = "iPhone Developer";
				COPY_PHASE_STRIP = NO;
				DEBUG_INFORMATION_FORMAT = "dwarf-with-dsym";
				ENABLE_NS_ASSERTIONS = NO;
				ENABLE_STRICT_OBJC_MSGSEND = YES;
				GCC_C_LANGUAGE_STANDARD = gnu11;
				GCC_NO_COMMON_BLOCKS = YES;
				GCC_WARN_64_TO_32_BIT_CONVERSION = YES;
				GCC_WARN_ABOUT_RETURN_TYPE = YES_ERROR;
				GCC_WARN_UNDECLARED_SELECTOR = YES;
				GCC_WARN_UNINITIALIZED_AUTOS = YES_AGGRESSIVE;
				GCC_WARN_UNUSED_FUNCTION = YES;
				GCC_WARN_UNUSED_VARIABLE = YES;
				IPHONEOS_DEPLOYMENT_TARGET = 12.4;
				MTL_ENABLE_DEBUG_INFO = NO;
				MTL_FAST_MATH = YES;
				SDKROOT = iphoneos;
				SWIFT_COMPILATION_MODE = wholemodule;
				SWIFT_OPTIMIZATION_LEVEL = "-O";
				VALIDATE_PRODUCT = YES;
			};
			name = Release;
		};
		93DC917B2658BE3F007688B5 /* Debug */ = {
			isa = XCBuildConfiguration;
			baseConfigurationReference = B66E61BC7929F76082639FC7 /* Pods-WaveProject.debug.xcconfig */;
			buildSettings = {
				ASSETCATALOG_COMPILER_APPICON_NAME = AppIcon;
				CODE_SIGN_STYLE = Manual;
				DEVELOPMENT_TEAM = "";
				INFOPLIST_FILE = WaveProject/Info.plist;
				IPHONEOS_DEPLOYMENT_TARGET = 11.0;
				LD_RUNPATH_SEARCH_PATHS = (
					"$(inherited)",
					"@executable_path/Frameworks",
				);
				PRODUCT_BUNDLE_IDENTIFIER = None.WaveProject;
				PRODUCT_NAME = "$(TARGET_NAME)";
				PROVISIONING_PROFILE_SPECIFIER = "";
				SWIFT_VERSION = 5.0;
				TARGETED_DEVICE_FAMILY = "1,2";
			};
			name = Debug;
		};
		93DC917C2658BE3F007688B5 /* Release */ = {
			isa = XCBuildConfiguration;
			baseConfigurationReference = 6487D38B2D5BDE1FD55C1305 /* Pods-WaveProject.release.xcconfig */;
			buildSettings = {
				ASSETCATALOG_COMPILER_APPICON_NAME = AppIcon;
				CODE_SIGN_STYLE = Manual;
				DEVELOPMENT_TEAM = "";
				INFOPLIST_FILE = WaveProject/Info.plist;
				IPHONEOS_DEPLOYMENT_TARGET = 11.0;
				LD_RUNPATH_SEARCH_PATHS = (
					"$(inherited)",
					"@executable_path/Frameworks",
				);
				PRODUCT_BUNDLE_IDENTIFIER = None.WaveProject;
				PRODUCT_NAME = "$(TARGET_NAME)";
				PROVISIONING_PROFILE_SPECIFIER = "";
				SWIFT_VERSION = 5.0;
				TARGETED_DEVICE_FAMILY = "1,2";
			};
			name = Release;
		};
		93DC917E2658BE3F007688B5 /* Debug */ = {
			isa = XCBuildConfiguration;
			buildSettings = {
				ALWAYS_EMBED_SWIFT_STANDARD_LIBRARIES = YES;
				BUNDLE_LOADER = "$(TEST_HOST)";
				CODE_SIGN_STYLE = Automatic;
				INFOPLIST_FILE = WaveProjectTests/Info.plist;
				LD_RUNPATH_SEARCH_PATHS = (
					"$(inherited)",
					"@executable_path/Frameworks",
					"@loader_path/Frameworks",
				);
				PRODUCT_BUNDLE_IDENTIFIER = None.WaveProjectTests;
				PRODUCT_NAME = "$(TARGET_NAME)";
				SWIFT_VERSION = 5.0;
				TARGETED_DEVICE_FAMILY = "1,2";
				TEST_HOST = "$(BUILT_PRODUCTS_DIR)/WaveProject.app/WaveProject";
			};
			name = Debug;
		};
		93DC917F2658BE3F007688B5 /* Release */ = {
			isa = XCBuildConfiguration;
			buildSettings = {
				ALWAYS_EMBED_SWIFT_STANDARD_LIBRARIES = YES;
				BUNDLE_LOADER = "$(TEST_HOST)";
				CODE_SIGN_STYLE = Automatic;
				INFOPLIST_FILE = WaveProjectTests/Info.plist;
				LD_RUNPATH_SEARCH_PATHS = (
					"$(inherited)",
					"@executable_path/Frameworks",
					"@loader_path/Frameworks",
				);
				PRODUCT_BUNDLE_IDENTIFIER = None.WaveProjectTests;
				PRODUCT_NAME = "$(TARGET_NAME)";
				SWIFT_VERSION = 5.0;
				TARGETED_DEVICE_FAMILY = "1,2";
				TEST_HOST = "$(BUILT_PRODUCTS_DIR)/WaveProject.app/WaveProject";
			};
			name = Release;
		};
		93DC91812658BE3F007688B5 /* Debug */ = {
			isa = XCBuildConfiguration;
			buildSettings = {
				ALWAYS_EMBED_SWIFT_STANDARD_LIBRARIES = YES;
				CODE_SIGN_STYLE = Automatic;
				INFOPLIST_FILE = WaveProjectUITests/Info.plist;
				LD_RUNPATH_SEARCH_PATHS = (
					"$(inherited)",
					"@executable_path/Frameworks",
					"@loader_path/Frameworks",
				);
				PRODUCT_BUNDLE_IDENTIFIER = None.WaveProjectUITests;
				PRODUCT_NAME = "$(TARGET_NAME)";
				SWIFT_VERSION = 5.0;
				TARGETED_DEVICE_FAMILY = "1,2";
				TEST_TARGET_NAME = WaveProject;
			};
			name = Debug;
		};
		93DC91822658BE3F007688B5 /* Release */ = {
			isa = XCBuildConfiguration;
			buildSettings = {
				ALWAYS_EMBED_SWIFT_STANDARD_LIBRARIES = YES;
				CODE_SIGN_STYLE = Automatic;
				INFOPLIST_FILE = WaveProjectUITests/Info.plist;
				LD_RUNPATH_SEARCH_PATHS = (
					"$(inherited)",
					"@executable_path/Frameworks",
					"@loader_path/Frameworks",
				);
				PRODUCT_BUNDLE_IDENTIFIER = None.WaveProjectUITests;
				PRODUCT_NAME = "$(TARGET_NAME)";
				SWIFT_VERSION = 5.0;
				TARGETED_DEVICE_FAMILY = "1,2";
				TEST_TARGET_NAME = WaveProject;
			};
			name = Release;
		};
/* End XCBuildConfiguration section */

/* Begin XCConfigurationList section */
		93DC914D2658BE3C007688B5 /* Build configuration list for PBXProject "WaveProject" */ = {
			isa = XCConfigurationList;
			buildConfigurations = (
				93DC91782658BE3F007688B5 /* Debug */,
				93DC91792658BE3F007688B5 /* Release */,
			);
			defaultConfigurationIsVisible = 0;
			defaultConfigurationName = Release;
		};
		93DC917A2658BE3F007688B5 /* Build configuration list for PBXNativeTarget "WaveProject" */ = {
			isa = XCConfigurationList;
			buildConfigurations = (
				93DC917B2658BE3F007688B5 /* Debug */,
				93DC917C2658BE3F007688B5 /* Release */,
			);
			defaultConfigurationIsVisible = 0;
			defaultConfigurationName = Release;
		};
		93DC917D2658BE3F007688B5 /* Build configuration list for PBXNativeTarget "WaveProjectTests" */ = {
			isa = XCConfigurationList;
			buildConfigurations = (
				93DC917E2658BE3F007688B5 /* Debug */,
				93DC917F2658BE3F007688B5 /* Release */,
			);
			defaultConfigurationIsVisible = 0;
			defaultConfigurationName = Release;
		};
		93DC91802658BE3F007688B5 /* Build configuration list for PBXNativeTarget "WaveProjectUITests" */ = {
			isa = XCConfigurationList;
			buildConfigurations = (
				93DC91812658BE3F007688B5 /* Debug */,
				93DC91822658BE3F007688B5 /* Release */,
			);
			defaultConfigurationIsVisible = 0;
			defaultConfigurationName = Release;
		};
/* End XCConfigurationList section */
	};
	rootObject = 93DC914A2658BE3C007688B5 /* Project object */;
}
